
Microsoft Visual Studio Solution File, Format Version 12.00
# Visual Studio 15
VisualStudioVersion = 15.0.28307.421
MinimumVisualStudioVersion = 10.0.40219.1
Project("{FAE04EC0-301F-11D3-BF4B-00C04F79EFBC}") = "Grades", "Grades\Grades.csproj", "{2DA4B974-A633-4580-B93D-DE97AD7218EB}"
EndProject
Project("{FAE04EC0-301F-11D3-BF4B-00C04F79EFBC}") = "Grades.Tests", "Grades.Tests\Grades.Tests.csproj", "{C16DE7DB-EC03-4C05-8C6C-4B8E96970A10}"
EndProject
Global
	GlobalSection(SolutionConfigurationPlatforms) = preSolution
		Debug|Any CPU = Debug|Any CPU
		Release|Any CPU = Release|Any CPU
	EndGlobalSection
	GlobalSection(ProjectConfigurationPlatforms) = postSolution
		{2DA4B974-A633-4580-B93D-DE97AD7218EB}.Debug|Any CPU.ActiveCfg = Debug|Any CPU
		{2DA4B974-A633-4580-B93D-DE97AD7218EB}.Debug|Any CPU.Build.0 = Debug|Any CPU
		{2DA4B974-A633-4580-B93D-DE97AD7218EB}.Release|Any CPU.ActiveCfg = Release|Any CPU
		{2DA4B974-A633-4580-B93D-DE97AD7218EB}.Release|Any CPU.Build.0 = Release|Any CPU
		{C16DE7DB-EC03-4C05-8C6C-4B8E96970A10}.Debug|Any CPU.ActiveCfg = Debug|Any CPU
		{C16DE7DB-EC03-4C05-8C6C-4B8E96970A10}.Debug|Any CPU.Build.0 = Debug|Any CPU
		{C16DE7DB-EC03-4C05-8C6C-4B8E96970A10}.Release|Any CPU.ActiveCfg = Release|Any CPU
		{C16DE7DB-EC03-4C05-8C6C-4B8E96970A10}.Release|Any CPU.Build.0 = Release|Any CPU
	EndGlobalSection
	GlobalSection(SolutionProperties) = preSolution
		HideSolutionNode = FALSE
	EndGlobalSection
	GlobalSection(ExtensibilityGlobals) = postSolution
		SolutionGuid = {4602FB80-EDFF-4E21-8F55-FF6A8ADD94F1}
	EndGlobalSection
EndGlobal
